
Microsoft Visual Studio Solution File, Format Version 12.00
# Visual Studio Version 17
VisualStudioVersion = 17.8.34316.72
MinimumVisualStudioVersion = 10.0.40219.1
Project("{9A19103F-16F7-4668-BE54-9A1E7A4F7556}") = "InventoryTracker.API", "InventoryTracker.API\InventoryTracker.API.csproj", "{132A13C4-98A3-48CE-AEE2-AE61E0716908}"
EndProject
Project("{9A19103F-16F7-4668-BE54-9A1E7A4F7556}") = "InventoryTracker.Domain", "InventoryTracker.Domain\InventoryTracker.Domain.csproj", "{C89169F7-5C0D-4B52-940F-03C2D4174043}"
EndProject
Project("{9A19103F-16F7-4668-BE54-9A1E7A4F7556}") = "InventoryTracker.BusinessLogic", "InventoryTracker.BusinessLogic\InventoryTracker.BusinessLogic.csproj", "{6348F834-B7E6-4524-B4AF-9B2E0109BC5C}"
EndProject
Project("{9A19103F-16F7-4668-BE54-9A1E7A4F7556}") = "InventoryTracker.DataAccess", "InventoryTracker.DataAccess\InventoryTracker.DataAccess.csproj", "{21A11DBA-7FAD-4A84-A56B-00EABF078413}"
EndProject
Project("{9A19103F-16F7-4668-BE54-9A1E7A4F7556}") = "InventoryTrackerDTO", "InventoryTrackerDTO\InventoryTrackerDTO.csproj", "{6CEC18FB-467B-4346-8020-59A9667BAE8E}"
EndProject
Project("{2150E333-8FDC-42A3-9474-1A3956D46DE8}") = "Solution Items", "Solution Items", "{4973A67F-5BB2-4ED0-BE01-1643FD54C942}"
	ProjectSection(SolutionItems) = preProject
		..\..\..\..\Desktop\db.sql = ..\..\..\..\Desktop\db.sql
	EndProjectSection
EndProject
Project("{FAE04EC0-301F-11D3-BF4B-00C04F79EFBC}") = "InventoryTracker.Validators", "InventoryTracker.Validators\InventoryTracker.Validators.csproj", "{634E2105-9A0F-45C7-89C9-8D4C1246222A}"
EndProject
Global
	GlobalSection(SolutionConfigurationPlatforms) = preSolution
		Debug|Any CPU = Debug|Any CPU
		Release|Any CPU = Release|Any CPU
	EndGlobalSection
	GlobalSection(ProjectConfigurationPlatforms) = postSolution
		{132A13C4-98A3-48CE-AEE2-AE61E0716908}.Debug|Any CPU.ActiveCfg = Debug|Any CPU
		{132A13C4-98A3-48CE-AEE2-AE61E0716908}.Debug|Any CPU.Build.0 = Debug|Any CPU
		{132A13C4-98A3-48CE-AEE2-AE61E0716908}.Release|Any CPU.ActiveCfg = Release|Any CPU
		{132A13C4-98A3-48CE-AEE2-AE61E0716908}.Release|Any CPU.Build.0 = Release|Any CPU
		{C89169F7-5C0D-4B52-940F-03C2D4174043}.Debug|Any CPU.ActiveCfg = Debug|Any CPU
		{C89169F7-5C0D-4B52-940F-03C2D4174043}.Debug|Any CPU.Build.0 = Debug|Any CPU
		{C89169F7-5C0D-4B52-940F-03C2D4174043}.Release|Any CPU.ActiveCfg = Release|Any CPU
		{C89169F7-5C0D-4B52-940F-03C2D4174043}.Release|Any CPU.Build.0 = Release|Any CPU
		{6348F834-B7E6-4524-B4AF-9B2E0109BC5C}.Debug|Any CPU.ActiveCfg = Debug|Any CPU
		{6348F834-B7E6-4524-B4AF-9B2E0109BC5C}.Debug|Any CPU.Build.0 = Debug|Any CPU
		{6348F834-B7E6-4524-B4AF-9B2E0109BC5C}.Release|Any CPU.ActiveCfg = Release|Any CPU
		{6348F834-B7E6-4524-B4AF-9B2E0109BC5C}.Release|Any CPU.Build.0 = Release|Any CPU
		{21A11DBA-7FAD-4A84-A56B-00EABF078413}.Debug|Any CPU.ActiveCfg = Debug|Any CPU
		{21A11DBA-7FAD-4A84-A56B-00EABF078413}.Debug|Any CPU.Build.0 = Debug|Any CPU
		{21A11DBA-7FAD-4A84-A56B-00EABF078413}.Release|Any CPU.ActiveCfg = Release|Any CPU
		{21A11DBA-7FAD-4A84-A56B-00EABF078413}.Release|Any CPU.Build.0 = Release|Any CPU
		{6CEC18FB-467B-4346-8020-59A9667BAE8E}.Debug|Any CPU.ActiveCfg = Debug|Any CPU
		{6CEC18FB-467B-4346-8020-59A9667BAE8E}.Debug|Any CPU.Build.0 = Debug|Any CPU
		{6CEC18FB-467B-4346-8020-59A9667BAE8E}.Release|Any CPU.ActiveCfg = Release|Any CPU
		{6CEC18FB-467B-4346-8020-59A9667BAE8E}.Release|Any CPU.Build.0 = Release|Any CPU
		{634E2105-9A0F-45C7-89C9-8D4C1246222A}.Debug|Any CPU.ActiveCfg = Debug|Any CPU
		{634E2105-9A0F-45C7-89C9-8D4C1246222A}.Debug|Any CPU.Build.0 = Debug|Any CPU
		{634E2105-9A0F-45C7-89C9-8D4C1246222A}.Release|Any CPU.ActiveCfg = Release|Any CPU
		{634E2105-9A0F-45C7-89C9-8D4C1246222A}.Release|Any CPU.Build.0 = Release|Any CPU
	EndGlobalSection
	GlobalSection(SolutionProperties) = preSolution
		HideSolutionNode = FALSE
	EndGlobalSection
	GlobalSection(ExtensibilityGlobals) = postSolution
		SolutionGuid = {04143BD6-A63F-40EC-A36E-7A1AAE0E371B}
	EndGlobalSection
EndGlobal
